// !$*UTF8*$!
{
	archiveVersion = 1;
	classes = {
	};
	objectVersion = 50;
	objects = {

/* Begin PBXBuildFile section */
		C3DC42362654D3C900750571 /* FingerGuessingGameApp.swift in Sources */ = {isa = PBXBuildFile; fileRef = C3DC42352654D3C900750571 /* FingerGuessingGameApp.swift */; };
		C3DC42382654D3C900750571 /* ContentView.swift in Sources */ = {isa = PBXBuildFile; fileRef = C3DC42372654D3C900750571 /* ContentView.swift */; };
		C3DC423A2654D3CB00750571 /* Assets.xcassets in Resources */ = {isa = PBXBuildFile; fileRef = C3DC42392654D3CB00750571 /* Assets.xcassets */; };
		C3DC423D2654D3CB00750571 /* Preview Assets.xcassets in Resources */ = {isa = PBXBuildFile; fileRef = C3DC423C2654D3CB00750571 /* Preview Assets.xcassets */; };
		C3DC42452654DA8500750571 /* Finger.swift in Sources */ = {isa = PBXBuildFile; fileRef = C3DC42442654DA8500750571 /* Finger.swift */; };
		C3DC42472654DC0700750571 /* FingerGuessingGame.swift in Sources */ = {isa = PBXBuildFile; fileRef = C3DC42462654DC0700750571 /* FingerGuessingGame.swift */; };
		C3DC42492654DCDE00750571 /* GameResult.swift in Sources */ = {isa = PBXBuildFile; fileRef = C3DC42482654DCDE00750571 /* GameResult.swift */; };
/* End PBXBuildFile section */

/* Begin PBXFileReference section */
		C3DC42322654D3C900750571 /* FingerGuessingGame.app */ = {isa = PBXFileReference; explicitFileType = wrapper.application; includeInIndex = 0; path = FingerGuessingGame.app; sourceTree = BUILT_PRODUCTS_DIR; };
		C3DC42352654D3C900750571 /* FingerGuessingGameApp.swift */ = {isa = PBXFileReference; lastKnownFileType = sourcecode.swift; path = FingerGuessingGameApp.swift; sourceTree = "<group>"; };
		C3DC42372654D3C900750571 /* ContentView.swift */ = {isa = PBXFileReference; lastKnownFileType = sourcecode.swift; path = ContentView.swift; sourceTree = "<group>"; };
		C3DC42392654D3CB00750571 /* Assets.xcassets */ = {isa = PBXFileReference; lastKnownFileType = folder.assetcatalog; path = Assets.xcassets; sourceTree = "<group>"; };
		C3DC423C2654D3CB00750571 /* Preview Assets.xcassets */ = {isa = PBXFileReference; lastKnownFileType = folder.assetcatalog; path = "Preview Assets.xcassets"; sourceTree = "<group>"; };
		C3DC423E2654D3CB00750571 /* Info.plist */ = {isa = PBXFileReference; lastKnownFileType = text.plist.xml; path = Info.plist; sourceTree = "<group>"; };
		C3DC42442654DA8500750571 /* Finger.swift */ = {isa = PBXFileReference; lastKnownFileType = sourcecode.swift; path = Finger.swift; sourceTree = "<group>"; };
		C3DC42462654DC0700750571 /* FingerGuessingGame.swift */ = {isa = PBXFileReference; lastKnownFileType = sourcecode.swift; path = FingerGuessingGame.swift; sourceTree = "<group>"; };
		C3DC42482654DCDE00750571 /* GameResult.swift */ = {isa = PBXFileReference; lastKnownFileType = sourcecode.swift; path = GameResult.swift; sourceTree = "<group>"; };
/* End PBXFileReference section */

/* Begin PBXFrameworksBuildPhase section */
		C3DC422F2654D3C900750571 /* Frameworks */ = {
			isa = PBXFrameworksBuildPhase;
			buildActionMask = 2147483647;
			files = (
			);
			runOnlyForDeploymentPostprocessing = 0;
		};
/* End PBXFrameworksBuildPhase section */

/* Begin PBXGroup section */
		C3DC42292654D3C900750571 = {
			isa = PBXGroup;
			children = (
				C3DC42342654D3C900750571 /* FingerGuessingGame */,
				C3DC42332654D3C900750571 /* Products */,
			);
			sourceTree = "<group>";
		};
		C3DC42332654D3C900750571 /* Products */ = {
			isa = PBXGroup;
			children = (
				C3DC42322654D3C900750571 /* FingerGuessingGame.app */,
			);
			name = Products;
			sourceTree = "<group>";
		};
		C3DC42342654D3C900750571 /* FingerGuessingGame */ = {
			isa = PBXGroup;
			children = (
				C3DC42352654D3C900750571 /* FingerGuessingGameApp.swift */,
				C3DC42372654D3C900750571 /* ContentView.swift */,
				C3DC42392654D3CB00750571 /* Assets.xcassets */,
				C3DC423E2654D3CB00750571 /* Info.plist */,
				C3DC423B2654D3CB00750571 /* Preview Content */,
				C3DC42442654DA8500750571 /* Finger.swift */,
				C3DC42462654DC0700750571 /* FingerGuessingGame.swift */,
				C3DC42482654DCDE00750571 /* GameResult.swift */,
			);
			path = FingerGuessingGame;
			sourceTree = "<group>";
		};
		C3DC423B2654D3CB00750571 /* Preview Content */ = {
			isa = PBXGroup;
			children = (
				C3DC423C2654D3CB00750571 /* Preview Assets.xcassets */,
			);
			path = "Preview Content";
			sourceTree = "<group>";
		};
/* End PBXGroup section */

/* Begin PBXNativeTarget section */
		C3DC42312654D3C900750571 /* FingerGuessingGame */ = {
			isa = PBXNativeTarget;
			buildConfigurationList = C3DC42412654D3CB00750571 /* Build configuration list for PBXNativeTarget "FingerGuessingGame" */;
			buildPhases = (
				C3DC422E2654D3C900750571 /* Sources */,
				C3DC422F2654D3C900750571 /* Frameworks */,
				C3DC42302654D3C900750571 /* Resources */,
			);
			buildRules = (
			);
			dependencies = (
			);
			name = FingerGuessingGame;
			productName = FingerGuessingGame;
			productReference = C3DC42322654D3C900750571 /* FingerGuessingGame.app */;
			productType = "com.apple.product-type.application";
		};
/* End PBXNativeTarget section */

/* Begin PBXProject section */
		C3DC422A2654D3C900750571 /* Project object */ = {
			isa = PBXProject;
			attributes = {
				LastSwiftUpdateCheck = 1250;
				LastUpgradeCheck = 1250;
				TargetAttributes = {
					C3DC42312654D3C900750571 = {
						CreatedOnToolsVersion = 12.5;
					};
				};
			};
			buildConfigurationList = C3DC422D2654D3C900750571 /* Build configuration list for PBXProject "FingerGuessingGame" */;
			compatibilityVersion = "Xcode 9.3";
			developmentRegion = en;
			hasScannedForEncodings = 0;
			knownRegions = (
				en,
				Base,
			);
			mainGroup = C3DC42292654D3C900750571;
			productRefGroup = C3DC42332654D3C900750571 /* Products */;
			projectDirPath = "";
			projectRoot = "";
			targets = (
				C3DC42312654D3C900750571 /* FingerGuessingGame */,
			);
		};
/* End PBXProject section */

/* Begin PBXResourcesBuildPhase section */
		C3DC42302654D3C900750571 /* Resources */ = {
			isa = PBXResourcesBuildPhase;
			buildActionMask = 2147483647;
			files = (
				C3DC423D2654D3CB00750571 /* Preview Assets.xcassets in Resources */,
				C3DC423A2654D3CB00750571 /* Assets.xcassets in Resources */,
			);
			runOnlyForDeploymentPostprocessing = 0;
		};
/* End PBXResourcesBuildPhase section */

/* Begin PBXSourcesBuildPhase section */
		C3DC422E2654D3C900750571 /* Sources */ = {
			isa = PBXSourcesBuildPhase;
			buildActionMask = 2147483647;
			files = (
				C3DC42452654DA8500750571 /* Finger.swift in Sources */,
				C3DC42472654DC0700750571 /* FingerGuessingGame.swift in Sources */,
				C3DC42382654D3C900750571 /* ContentView.swift in Sources */,
				C3DC42362654D3C900750571 /* FingerGuessingGameApp.swift in Sources */,
				C3DC42492654DCDE00750571 /* GameResult.swift in Sources */,
			);
			runOnlyForDeploymentPostprocessing = 0;
		};
/* End PBXSourcesBuildPhase section */

/* Begin XCBuildConfiguration section */
		C3DC423F2654D3CB00750571 /* Debug */ = {
			isa = XCBuildConfiguration;
			buildSettings = {
				ALWAYS_SEARCH_USER_PATHS = NO;
				CLANG_ANALYZER_NONNULL = YES;
				CLANG_ANALYZER_NUMBER_OBJECT_CONVERSION = YES_AGGRESSIVE;
				CLANG_CXX_LANGUAGE_STANDARD = "gnu++14";
				CLANG_CXX_LIBRARY = "libc++";
				CLANG_ENABLE_MODULES = YES;
				CLANG_ENABLE_OBJC_ARC = YES;
				CLANG_ENABLE_OBJC_WEAK = YES;
				CLANG_WARN_BLOCK_CAPTURE_AUTORELEASING = YES;
				CLANG_WARN_BOOL_CONVERSION = YES;
				CLANG_WARN_COMMA = YES;
				CLANG_WARN_CONSTANT_CONVERSION = YES;
				CLANG_WARN_DEPRECATED_OBJC_IMPLEMENTATIONS = YES;
				CLANG_WARN_DIRECT_OBJC_ISA_USAGE = YES_ERROR;
				CLANG_WARN_DOCUMENTATION_COMMENTS = YES;
				CLANG_WARN_EMPTY_BODY = YES;
				CLANG_WARN_ENUM_CONVERSION = YES;
				CLANG_WARN_INFINITE_RECURSION = YES;
				CLANG_WARN_INT_CONVERSION = YES;
				CLANG_WARN_NON_LITERAL_NULL_CONVERSION = YES;
				CLANG_WARN_OBJC_IMPLICIT_RETAIN_SELF = YES;
				CLANG_WARN_OBJC_LITERAL_CONVERSION = YES;
				CLANG_WARN_OBJC_ROOT_CLASS = YES_ERROR;
				CLANG_WARN_QUOTED_INCLUDE_IN_FRAMEWORK_HEADER = YES;
				CLANG_WARN_RANGE_LOOP_ANALYSIS = YES;
				CLANG_WARN_STRICT_PROTOTYPES = YES;
				CLANG_WARN_SUSPICIOUS_MOVE = YES;
				CLANG_WARN_UNGUARDED_AVAILABILITY = YES_AGGRESSIVE;
				CLANG_WARN_UNREACHABLE_CODE = YES;
				CLANG_WARN__DUPLICATE_METHOD_MATCH = YES;
				COPY_PHASE_STRIP = NO;
				DEBUG_INFORMATION_FORMAT = dwarf;
				ENABLE_STRICT_OBJC_MSGSEND = YES;
				ENABLE_TESTABILITY = YES;
				GCC_C_LANGUAGE_STANDARD = gnu11;
				GCC_DYNAMIC_NO_PIC = NO;
				GCC_NO_COMMON_BLOCKS = YES;
				GCC_OPTIMIZATION_LEVEL = 0;
				GCC_PREPROCESSOR_DEFINITIONS = (
					"DEBUG=1",
					"$(inherited)",
				);
				GCC_WARN_64_TO_32_BIT_CONVERSION = YES;
				GCC_WARN_ABOUT_RETURN_TYPE = YES_ERROR;
				GCC_WARN_UNDECLARED_SELECTOR = YES;
				GCC_WARN_UNINITIALIZED_AUTOS = YES_AGGRESSIVE;
				GCC_WARN_UNUSED_FUNCTION = YES;
				GCC_WARN_UNUSED_VARIABLE = YES;
				IPHONEOS_DEPLOYMENT_TARGET = 14.5;
				MTL_ENABLE_DEBUG_INFO = INCLUDE_SOURCE;
				MTL_FAST_MATH = YES;
				ONLY_ACTIVE_ARCH = YES;
				SDKROOT = iphoneos;
				SWIFT_ACTIVE_COMPILATION_CONDITIONS = DEBUG;
				SWIFT_OPTIMIZATION_LEVEL = "-Onone";
			};
			name = Debug;
		};
		C3DC42402654D3CB00750571 /* Release */ = {
			isa = XCBuildConfiguration;
			buildSettings = {
				ALWAYS_SEARCH_USER_PATHS = NO;
				CLANG_ANALYZER_NONNULL = YES;
				CLANG_ANALYZER_NUMBER_OBJECT_CONVERSION = YES_AGGRESSIVE;
				CLANG_CXX_LANGUAGE_STANDARD = "gnu++14";
				CLANG_CXX_LIBRARY = "libc++";
				CLANG_ENABLE_MODULES = YES;
				CLANG_ENABLE_OBJC_ARC = YES;
				CLANG_ENABLE_OBJC_WEAK = YES;
				CLANG_WARN_BLOCK_CAPTURE_AUTORELEASING = YES;
				CLANG_WARN_BOOL_CONVERSION = YES;
				CLANG_WARN_COMMA = YES;
				CLANG_WARN_CONSTANT_CONVERSION = YES;
				CLANG_WARN_DEPRECATED_OBJC_IMPLEMENTATIONS = YES;
				CLANG_WARN_DIRECT_OBJC_ISA_USAGE = YES_ERROR;
				CLANG_WARN_DOCUMENTATION_COMMENTS = YES;
				CLANG_WARN_EMPTY_BODY = YES;
				CLANG_WARN_ENUM_CONVERSION = YES;
				CLANG_WARN_INFINITE_RECURSION = YES;
				CLANG_WARN_INT_CONVERSION = YES;
				CLANG_WARN_NON_LITERAL_NULL_CONVERSION = YES;
				CLANG_WARN_OBJC_IMPLICIT_RETAIN_SELF = YES;
				CLANG_WARN_OBJC_LITERAL_CONVERSION = YES;
				CLANG_WARN_OBJC_ROOT_CLASS = YES_ERROR;
				CLANG_WARN_QUOTED_INCLUDE_IN_FRAMEWORK_HEADER = YES;
				CLANG_WARN_RANGE_LOOP_ANALYSIS = YES;
				CLANG_WARN_STRICT_PROTOTYPES = YES;
				CLANG_WARN_SUSPICIOUS_MOVE = YES;
				CLANG_WARN_UNGUARDED_AVAILABILITY = YES_AGGRESSIVE;
				CLANG_WARN_UNREACHABLE_CODE = YES;
				CLANG_WARN__DUPLICATE_METHOD_MATCH = YES;
				COPY_PHASE_STRIP = NO;
				DEBUG_INFORMATION_FORMAT = "dwarf-with-dsym";
				ENABLE_NS_ASSERTIONS = NO;
				ENABLE_STRICT_OBJC_MSGSEND = YES;
				GCC_C_LANGUAGE_STANDARD = gnu11;
				GCC_NO_COMMON_BLOCKS = YES;
				GCC_WARN_64_TO_32_BIT_CONVERSION = YES;
				GCC_WARN_ABOUT_RETURN_TYPE = YES_ERROR;
				GCC_WARN_UNDECLARED_SELECTOR = YES;
				GCC_WARN_UNINITIALIZED_AUTOS = YES_AGGRESSIVE;
				GCC_WARN_UNUSED_FUNCTION = YES;
				GCC_WARN_UNUSED_VARIABLE = YES;
				IPHONEOS_DEPLOYMENT_TARGET = 14.5;
				MTL_ENABLE_DEBUG_INFO = NO;
				MTL_FAST_MATH = YES;
				SDKROOT = iphoneos;
				SWIFT_COMPILATION_MODE = wholemodule;
				SWIFT_OPTIMIZATION_LEVEL = "-O";
				VALIDATE_PRODUCT = YES;
			};
			name = Release;
		};
		C3DC42422654D3CB00750571 /* Debug */ = {
			isa = XCBuildConfiguration;
			buildSettings = {
				ASSETCATALOG_COMPILER_APPICON_NAME = AppIcon;
				ASSETCATALOG_COMPILER_GLOBAL_ACCENT_COLOR_NAME = AccentColor;
				CODE_SIGN_STYLE = Automatic;
				DEVELOPMENT_ASSET_PATHS = "\"FingerGuessingGame/Preview Content\"";
				DEVELOPMENT_TEAM = 4L7C3QD67C;
				ENABLE_PREVIEWS = YES;
				INFOPLIST_FILE = FingerGuessingGame/Info.plist;
				IPHONEOS_DEPLOYMENT_TARGET = 14.0;
				LD_RUNPATH_SEARCH_PATHS = (
					"$(inherited)",
					"@executable_path/Frameworks",
				);
				PRODUCT_BUNDLE_IDENTIFIER = com.appcoda.FingerGuessingGame;
				PRODUCT_NAME = "$(TARGET_NAME)";
				SWIFT_VERSION = 5.0;
				TARGETED_DEVICE_FAMILY = "1,2";
			};
			name = Debug;
		};
		C3DC42432654D3CB00750571 /* Release */ = {
			isa = XCBuildConfiguration;
			buildSettings = {
				ASSETCATALOG_COMPILER_APPICON_NAME = AppIcon;
				ASSETCATALOG_COMPILER_GLOBAL_ACCENT_COLOR_NAME = AccentColor;
				CODE_SIGN_STYLE = Automatic;
				DEVELOPMENT_ASSET_PATHS = "\"FingerGuessingGame/Preview Content\"";
				DEVELOPMENT_TEAM = 4L7C3QD67C;
				ENABLE_PREVIEWS = YES;
				INFOPLIST_FILE = FingerGuessingGame/Info.plist;
				IPHONEOS_DEPLOYMENT_TARGET = 14.0;
				LD_RUNPATH_SEARCH_PATHS = (
					"$(inherited)",
					"@executable_path/Frameworks",
				);
				PRODUCT_BUNDLE_IDENTIFIER = com.appcoda.FingerGuessingGame;
				PRODUCT_NAME = "$(TARGET_NAME)";
				SWIFT_VERSION = 5.0;
				TARGETED_DEVICE_FAMILY = "1,2";
			};
			name = Release;
		};
/* End XCBuildConfiguration section */

/* Begin XCConfigurationList section */
		C3DC422D2654D3C900750571 /* Build configuration list for PBXProject "FingerGuessingGame" */ = {
			isa = XCConfigurationList;
			buildConfigurations = (
				C3DC423F2654D3CB00750571 /* Debug */,
				C3DC42402654D3CB00750571 /* Release */,
			);
			defaultConfigurationIsVisible = 0;
			defaultConfigurationName = Release;
		};
		C3DC42412654D3CB00750571 /* Build configuration list for PBXNativeTarget "FingerGuessingGame" */ = {
			isa = XCConfigurationList;
			buildConfigurations = (
				C3DC42422654D3CB00750571 /* Debug */,
				C3DC42432654D3CB00750571 /* Release */,
			);
			defaultConfigurationIsVisible = 0;
			defaultConfigurationName = Release;
		};
/* End XCConfigurationList section */
	};
	rootObject = C3DC422A2654D3C900750571 /* Project object */;
}
