// !$*UTF8*$!
{
	archiveVersion = 1;
	classes = {
	};
	objectVersion = 50;
	objects = {

/* Begin PBXBuildFile section */
		C3DE4C3826674AB500141061 /* ImageClassifierAppApp.swift in Sources */ = {isa = PBXBuildFile; fileRef = C3DE4C3726674AB500141061 /* ImageClassifierAppApp.swift */; };
		C3DE4C3A26674AB500141061 /* ContentView.swift in Sources */ = {isa = PBXBuildFile; fileRef = C3DE4C3926674AB500141061 /* ContentView.swift */; };
		C3DE4C3C26674AB600141061 /* Assets.xcassets in Resources */ = {isa = PBXBuildFile; fileRef = C3DE4C3B26674AB600141061 /* Assets.xcassets */; };
		C3DE4C3F26674AB600141061 /* Preview Assets.xcassets in Resources */ = {isa = PBXBuildFile; fileRef = C3DE4C3E26674AB600141061 /* Preview Assets.xcassets */; };
		C3DE4C4726674C1200141061 /* MobileNetV2.mlmodel in Sources */ = {isa = PBXBuildFile; fileRef = C3DE4C4626674C1200141061 /* MobileNetV2.mlmodel */; };
		C3DE4C492667502100141061 /* MyImageClassifier 1.mlmodel in Sources */ = {isa = PBXBuildFile; fileRef = C3DE4C482667502100141061 /* MyImageClassifier 1.mlmodel */; };
		C3DE4C4B266750CC00141061 /* UIImage.swift in Sources */ = {isa = PBXBuildFile; fileRef = C3DE4C4A266750CC00141061 /* UIImage.swift */; };
/* End PBXBuildFile section */

/* Begin PBXFileReference section */
		C3DE4C3426674AB500141061 /* ImageClassifierApp.app */ = {isa = PBXFileReference; explicitFileType = wrapper.application; includeInIndex = 0; path = ImageClassifierApp.app; sourceTree = BUILT_PRODUCTS_DIR; };
		C3DE4C3726674AB500141061 /* ImageClassifierAppApp.swift */ = {isa = PBXFileReference; lastKnownFileType = sourcecode.swift; path = ImageClassifierAppApp.swift; sourceTree = "<group>"; };
		C3DE4C3926674AB500141061 /* ContentView.swift */ = {isa = PBXFileReference; lastKnownFileType = sourcecode.swift; path = ContentView.swift; sourceTree = "<group>"; };
		C3DE4C3B26674AB600141061 /* Assets.xcassets */ = {isa = PBXFileReference; lastKnownFileType = folder.assetcatalog; path = Assets.xcassets; sourceTree = "<group>"; };
		C3DE4C3E26674AB600141061 /* Preview Assets.xcassets */ = {isa = PBXFileReference; lastKnownFileType = folder.assetcatalog; path = "Preview Assets.xcassets"; sourceTree = "<group>"; };
		C3DE4C4026674AB600141061 /* Info.plist */ = {isa = PBXFileReference; lastKnownFileType = text.plist.xml; path = Info.plist; sourceTree = "<group>"; };
		C3DE4C4626674C1200141061 /* MobileNetV2.mlmodel */ = {isa = PBXFileReference; lastKnownFileType = file.mlmodel; path = MobileNetV2.mlmodel; sourceTree = "<group>"; };
		C3DE4C482667502100141061 /* MyImageClassifier 1.mlmodel */ = {isa = PBXFileReference; lastKnownFileType = file.mlmodel; path = "MyImageClassifier 1.mlmodel"; sourceTree = "<group>"; };
		C3DE4C4A266750CC00141061 /* UIImage.swift */ = {isa = PBXFileReference; lastKnownFileType = sourcecode.swift; path = UIImage.swift; sourceTree = "<group>"; };
/* End PBXFileReference section */

/* Begin PBXFrameworksBuildPhase section */
		C3DE4C3126674AB500141061 /* Frameworks */ = {
			isa = PBXFrameworksBuildPhase;
			buildActionMask = 2147483647;
			files = (
			);
			runOnlyForDeploymentPostprocessing = 0;
		};
/* End PBXFrameworksBuildPhase section */

/* Begin PBXGroup section */
		C3DE4C2B26674AB500141061 = {
			isa = PBXGroup;
			children = (
				C3DE4C3626674AB500141061 /* ImageClassifierApp */,
				C3DE4C3526674AB500141061 /* Products */,
			);
			sourceTree = "<group>";
		};
		C3DE4C3526674AB500141061 /* Products */ = {
			isa = PBXGroup;
			children = (
				C3DE4C3426674AB500141061 /* ImageClassifierApp.app */,
			);
			name = Products;
			sourceTree = "<group>";
		};
		C3DE4C3626674AB500141061 /* ImageClassifierApp */ = {
			isa = PBXGroup;
			children = (
				C3DE4C482667502100141061 /* MyImageClassifier 1.mlmodel */,
				C3DE4C4626674C1200141061 /* MobileNetV2.mlmodel */,
				C3DE4C3726674AB500141061 /* ImageClassifierAppApp.swift */,
				C3DE4C3926674AB500141061 /* ContentView.swift */,
				C3DE4C3B26674AB600141061 /* Assets.xcassets */,
				C3DE4C4026674AB600141061 /* Info.plist */,
				C3DE4C3D26674AB600141061 /* Preview Content */,
				C3DE4C4A266750CC00141061 /* UIImage.swift */,
			);
			path = ImageClassifierApp;
			sourceTree = "<group>";
		};
		C3DE4C3D26674AB600141061 /* Preview Content */ = {
			isa = PBXGroup;
			children = (
				C3DE4C3E26674AB600141061 /* Preview Assets.xcassets */,
			);
			path = "Preview Content";
			sourceTree = "<group>";
		};
/* End PBXGroup section */

/* Begin PBXNativeTarget section */
		C3DE4C3326674AB500141061 /* ImageClassifierApp */ = {
			isa = PBXNativeTarget;
			buildConfigurationList = C3DE4C4326674AB600141061 /* Build configuration list for PBXNativeTarget "ImageClassifierApp" */;
			buildPhases = (
				C3DE4C3026674AB500141061 /* Sources */,
				C3DE4C3126674AB500141061 /* Frameworks */,
				C3DE4C3226674AB500141061 /* Resources */,
			);
			buildRules = (
			);
			dependencies = (
			);
			name = ImageClassifierApp;
			productName = ImageClassifierApp;
			productReference = C3DE4C3426674AB500141061 /* ImageClassifierApp.app */;
			productType = "com.apple.product-type.application";
		};
/* End PBXNativeTarget section */

/* Begin PBXProject section */
		C3DE4C2C26674AB500141061 /* Project object */ = {
			isa = PBXProject;
			attributes = {
				LastSwiftUpdateCheck = 1250;
				LastUpgradeCheck = 1250;
				TargetAttributes = {
					C3DE4C3326674AB500141061 = {
						CreatedOnToolsVersion = 12.5;
					};
				};
			};
			buildConfigurationList = C3DE4C2F26674AB500141061 /* Build configuration list for PBXProject "ImageClassifierApp" */;
			compatibilityVersion = "Xcode 9.3";
			developmentRegion = en;
			hasScannedForEncodings = 0;
			knownRegions = (
				en,
				Base,
			);
			mainGroup = C3DE4C2B26674AB500141061;
			productRefGroup = C3DE4C3526674AB500141061 /* Products */;
			projectDirPath = "";
			projectRoot = "";
			targets = (
				C3DE4C3326674AB500141061 /* ImageClassifierApp */,
			);
		};
/* End PBXProject section */

/* Begin PBXResourcesBuildPhase section */
		C3DE4C3226674AB500141061 /* Resources */ = {
			isa = PBXResourcesBuildPhase;
			buildActionMask = 2147483647;
			files = (
				C3DE4C3F26674AB600141061 /* Preview Assets.xcassets in Resources */,
				C3DE4C3C26674AB600141061 /* Assets.xcassets in Resources */,
			);
			runOnlyForDeploymentPostprocessing = 0;
		};
/* End PBXResourcesBuildPhase section */

/* Begin PBXSourcesBuildPhase section */
		C3DE4C3026674AB500141061 /* Sources */ = {
			isa = PBXSourcesBuildPhase;
			buildActionMask = 2147483647;
			files = (
				C3DE4C4726674C1200141061 /* MobileNetV2.mlmodel in Sources */,
				C3DE4C4B266750CC00141061 /* UIImage.swift in Sources */,
				C3DE4C3A26674AB500141061 /* ContentView.swift in Sources */,
				C3DE4C492667502100141061 /* MyImageClassifier 1.mlmodel in Sources */,
				C3DE4C3826674AB500141061 /* ImageClassifierAppApp.swift in Sources */,
			);
			runOnlyForDeploymentPostprocessing = 0;
		};
/* End PBXSourcesBuildPhase section */

/* Begin XCBuildConfiguration section */
		C3DE4C4126674AB600141061 /* Debug */ = {
			isa = XCBuildConfiguration;
			buildSettings = {
				ALWAYS_SEARCH_USER_PATHS = NO;
				CLANG_ANALYZER_NONNULL = YES;
				CLANG_ANALYZER_NUMBER_OBJECT_CONVERSION = YES_AGGRESSIVE;
				CLANG_CXX_LANGUAGE_STANDARD = "gnu++14";
				CLANG_CXX_LIBRARY = "libc++";
				CLANG_ENABLE_MODULES = YES;
				CLANG_ENABLE_OBJC_ARC = YES;
				CLANG_ENABLE_OBJC_WEAK = YES;
				CLANG_WARN_BLOCK_CAPTURE_AUTORELEASING = YES;
				CLANG_WARN_BOOL_CONVERSION = YES;
				CLANG_WARN_COMMA = YES;
				CLANG_WARN_CONSTANT_CONVERSION = YES;
				CLANG_WARN_DEPRECATED_OBJC_IMPLEMENTATIONS = YES;
				CLANG_WARN_DIRECT_OBJC_ISA_USAGE = YES_ERROR;
				CLANG_WARN_DOCUMENTATION_COMMENTS = YES;
				CLANG_WARN_EMPTY_BODY = YES;
				CLANG_WARN_ENUM_CONVERSION = YES;
				CLANG_WARN_INFINITE_RECURSION = YES;
				CLANG_WARN_INT_CONVERSION = YES;
				CLANG_WARN_NON_LITERAL_NULL_CONVERSION = YES;
				CLANG_WARN_OBJC_IMPLICIT_RETAIN_SELF = YES;
				CLANG_WARN_OBJC_LITERAL_CONVERSION = YES;
				CLANG_WARN_OBJC_ROOT_CLASS = YES_ERROR;
				CLANG_WARN_QUOTED_INCLUDE_IN_FRAMEWORK_HEADER = YES;
				CLANG_WARN_RANGE_LOOP_ANALYSIS = YES;
				CLANG_WARN_STRICT_PROTOTYPES = YES;
				CLANG_WARN_SUSPICIOUS_MOVE = YES;
				CLANG_WARN_UNGUARDED_AVAILABILITY = YES_AGGRESSIVE;
				CLANG_WARN_UNREACHABLE_CODE = YES;
				CLANG_WARN__DUPLICATE_METHOD_MATCH = YES;
				COPY_PHASE_STRIP = NO;
				DEBUG_INFORMATION_FORMAT = dwarf;
				ENABLE_STRICT_OBJC_MSGSEND = YES;
				ENABLE_TESTABILITY = YES;
				GCC_C_LANGUAGE_STANDARD = gnu11;
				GCC_DYNAMIC_NO_PIC = NO;
				GCC_NO_COMMON_BLOCKS = YES;
				GCC_OPTIMIZATION_LEVEL = 0;
				GCC_PREPROCESSOR_DEFINITIONS = (
					"DEBUG=1",
					"$(inherited)",
				);
				GCC_WARN_64_TO_32_BIT_CONVERSION = YES;
				GCC_WARN_ABOUT_RETURN_TYPE = YES_ERROR;
				GCC_WARN_UNDECLARED_SELECTOR = YES;
				GCC_WARN_UNINITIALIZED_AUTOS = YES_AGGRESSIVE;
				GCC_WARN_UNUSED_FUNCTION = YES;
				GCC_WARN_UNUSED_VARIABLE = YES;
				IPHONEOS_DEPLOYMENT_TARGET = 14.5;
				MTL_ENABLE_DEBUG_INFO = INCLUDE_SOURCE;
				MTL_FAST_MATH = YES;
				ONLY_ACTIVE_ARCH = YES;
				SDKROOT = iphoneos;
				SWIFT_ACTIVE_COMPILATION_CONDITIONS = DEBUG;
				SWIFT_OPTIMIZATION_LEVEL = "-Onone";
			};
			name = Debug;
		};
		C3DE4C4226674AB600141061 /* Release */ = {
			isa = XCBuildConfiguration;
			buildSettings = {
				ALWAYS_SEARCH_USER_PATHS = NO;
				CLANG_ANALYZER_NONNULL = YES;
				CLANG_ANALYZER_NUMBER_OBJECT_CONVERSION = YES_AGGRESSIVE;
				CLANG_CXX_LANGUAGE_STANDARD = "gnu++14";
				CLANG_CXX_LIBRARY = "libc++";
				CLANG_ENABLE_MODULES = YES;
				CLANG_ENABLE_OBJC_ARC = YES;
				CLANG_ENABLE_OBJC_WEAK = YES;
				CLANG_WARN_BLOCK_CAPTURE_AUTORELEASING = YES;
				CLANG_WARN_BOOL_CONVERSION = YES;
				CLANG_WARN_COMMA = YES;
				CLANG_WARN_CONSTANT_CONVERSION = YES;
				CLANG_WARN_DEPRECATED_OBJC_IMPLEMENTATIONS = YES;
				CLANG_WARN_DIRECT_OBJC_ISA_USAGE = YES_ERROR;
				CLANG_WARN_DOCUMENTATION_COMMENTS = YES;
				CLANG_WARN_EMPTY_BODY = YES;
				CLANG_WARN_ENUM_CONVERSION = YES;
				CLANG_WARN_INFINITE_RECURSION = YES;
				CLANG_WARN_INT_CONVERSION = YES;
				CLANG_WARN_NON_LITERAL_NULL_CONVERSION = YES;
				CLANG_WARN_OBJC_IMPLICIT_RETAIN_SELF = YES;
				CLANG_WARN_OBJC_LITERAL_CONVERSION = YES;
				CLANG_WARN_OBJC_ROOT_CLASS = YES_ERROR;
				CLANG_WARN_QUOTED_INCLUDE_IN_FRAMEWORK_HEADER = YES;
				CLANG_WARN_RANGE_LOOP_ANALYSIS = YES;
				CLANG_WARN_STRICT_PROTOTYPES = YES;
				CLANG_WARN_SUSPICIOUS_MOVE = YES;
				CLANG_WARN_UNGUARDED_AVAILABILITY = YES_AGGRESSIVE;
				CLANG_WARN_UNREACHABLE_CODE = YES;
				CLANG_WARN__DUPLICATE_METHOD_MATCH = YES;
				COPY_PHASE_STRIP = NO;
				DEBUG_INFORMATION_FORMAT = "dwarf-with-dsym";
				ENABLE_NS_ASSERTIONS = NO;
				ENABLE_STRICT_OBJC_MSGSEND = YES;
				GCC_C_LANGUAGE_STANDARD = gnu11;
				GCC_NO_COMMON_BLOCKS = YES;
				GCC_WARN_64_TO_32_BIT_CONVERSION = YES;
				GCC_WARN_ABOUT_RETURN_TYPE = YES_ERROR;
				GCC_WARN_UNDECLARED_SELECTOR = YES;
				GCC_WARN_UNINITIALIZED_AUTOS = YES_AGGRESSIVE;
				GCC_WARN_UNUSED_FUNCTION = YES;
				GCC_WARN_UNUSED_VARIABLE = YES;
				IPHONEOS_DEPLOYMENT_TARGET = 14.5;
				MTL_ENABLE_DEBUG_INFO = NO;
				MTL_FAST_MATH = YES;
				SDKROOT = iphoneos;
				SWIFT_COMPILATION_MODE = wholemodule;
				SWIFT_OPTIMIZATION_LEVEL = "-O";
				VALIDATE_PRODUCT = YES;
			};
			name = Release;
		};
		C3DE4C4426674AB600141061 /* Debug */ = {
			isa = XCBuildConfiguration;
			buildSettings = {
				ASSETCATALOG_COMPILER_APPICON_NAME = AppIcon;
				ASSETCATALOG_COMPILER_GLOBAL_ACCENT_COLOR_NAME = AccentColor;
				CODE_SIGN_STYLE = Automatic;
				DEVELOPMENT_ASSET_PATHS = "\"ImageClassifierApp/Preview Content\"";
				DEVELOPMENT_TEAM = 4L7C3QD67C;
				ENABLE_PREVIEWS = YES;
				INFOPLIST_FILE = ImageClassifierApp/Info.plist;
				IPHONEOS_DEPLOYMENT_TARGET = 14.0;
				LD_RUNPATH_SEARCH_PATHS = (
					"$(inherited)",
					"@executable_path/Frameworks",
				);
				PRODUCT_BUNDLE_IDENTIFIER = com.appcoda.ImageClassifierApp;
				PRODUCT_NAME = "$(TARGET_NAME)";
				SWIFT_VERSION = 5.0;
				TARGETED_DEVICE_FAMILY = "1,2";
			};
			name = Debug;
		};
		C3DE4C4526674AB600141061 /* Release */ = {
			isa = XCBuildConfiguration;
			buildSettings = {
				ASSETCATALOG_COMPILER_APPICON_NAME = AppIcon;
				ASSETCATALOG_COMPILER_GLOBAL_ACCENT_COLOR_NAME = AccentColor;
				CODE_SIGN_STYLE = Automatic;
				DEVELOPMENT_ASSET_PATHS = "\"ImageClassifierApp/Preview Content\"";
				DEVELOPMENT_TEAM = 4L7C3QD67C;
				ENABLE_PREVIEWS = YES;
				INFOPLIST_FILE = ImageClassifierApp/Info.plist;
				IPHONEOS_DEPLOYMENT_TARGET = 14.0;
				LD_RUNPATH_SEARCH_PATHS = (
					"$(inherited)",
					"@executable_path/Frameworks",
				);
				PRODUCT_BUNDLE_IDENTIFIER = com.appcoda.ImageClassifierApp;
				PRODUCT_NAME = "$(TARGET_NAME)";
				SWIFT_VERSION = 5.0;
				TARGETED_DEVICE_FAMILY = "1,2";
			};
			name = Release;
		};
/* End XCBuildConfiguration section */

/* Begin XCConfigurationList section */
		C3DE4C2F26674AB500141061 /* Build configuration list for PBXProject "ImageClassifierApp" */ = {
			isa = XCConfigurationList;
			buildConfigurations = (
				C3DE4C4126674AB600141061 /* Debug */,
				C3DE4C4226674AB600141061 /* Release */,
			);
			defaultConfigurationIsVisible = 0;
			defaultConfigurationName = Release;
		};
		C3DE4C4326674AB600141061 /* Build configuration list for PBXNativeTarget "ImageClassifierApp" */ = {
			isa = XCConfigurationList;
			buildConfigurations = (
				C3DE4C4426674AB600141061 /* Debug */,
				C3DE4C4526674AB600141061 /* Release */,
			);
			defaultConfigurationIsVisible = 0;
			defaultConfigurationName = Release;
		};
/* End XCConfigurationList section */
	};
	rootObject = C3DE4C2C26674AB500141061 /* Project object */;
}
